
Microsoft Visual Studio Solution File, Format Version 12.00
# Visual Studio 14
VisualStudioVersion = 14.0.23107.0
MinimumVisualStudioVersion = 10.0.40219.1
Project("{FAE04EC0-301F-11D3-BF4B-00C04F79EFBC}") = "BadwaterBallarina", "BadwaterBallarina\BadwaterBallarina.csproj", "{DFA6A55F-5B12-4767-BCA0-D479CEFBAADF}"
EndProject
Project("{2150E333-8FDC-42A3-9474-1A3956D46DE8}") = "Source", "Source", "{7A7009A4-EAA4-4826-A803-D1F1D8EF8F0B}"
EndProject
Global
	GlobalSection(SolutionConfigurationPlatforms) = preSolution
		Debug|Any CPU = Debug|Any CPU
		Release|Any CPU = Release|Any CPU
	EndGlobalSection
	GlobalSection(ProjectConfigurationPlatforms) = postSolution
		{DFA6A55F-5B12-4767-BCA0-D479CEFBAADF}.Debug|Any CPU.ActiveCfg = Debug|Any CPU
		{DFA6A55F-5B12-4767-BCA0-D479CEFBAADF}.Debug|Any CPU.Build.0 = Debug|Any CPU
		{DFA6A55F-5B12-4767-BCA0-D479CEFBAADF}.Release|Any CPU.ActiveCfg = Release|Any CPU
		{DFA6A55F-5B12-4767-BCA0-D479CEFBAADF}.Release|Any CPU.Build.0 = Release|Any CPU
	EndGlobalSection
	GlobalSection(SolutionProperties) = preSolution
		HideSolutionNode = FALSE
	EndGlobalSection
EndGlobal
